
Microsoft Visual Studio Solution File, Format Version 12.00
# Visual Studio Version 16
VisualStudioVersion = 16.0.29209.62
MinimumVisualStudioVersion = 10.0.40219.1
Project("{FAE04EC0-301F-11D3-BF4B-00C04F79EFBC}") = "UnitTestTest", "UnitTestTest\UnitTestTest.csproj", "{2764418F-C363-4E03-A2AD-C5032E198D59}"
EndProject
Project("{FAE04EC0-301F-11D3-BF4B-00C04F79EFBC}") = "UnitTestTestTests", "UnitTestTestTests\UnitTestTestTests.csproj", "{80E1E9DA-85C3-4C5C-8EF9-1655A5C36D5E}"
EndProject
Global
	GlobalSection(SolutionConfigurationPlatforms) = preSolution
		Debug|Any CPU = Debug|Any CPU
		Release|Any CPU = Release|Any CPU
	EndGlobalSection
	GlobalSection(ProjectConfigurationPlatforms) = postSolution
		{2764418F-C363-4E03-A2AD-C5032E198D59}.Debug|Any CPU.ActiveCfg = Debug|Any CPU
		{2764418F-C363-4E03-A2AD-C5032E198D59}.Debug|Any CPU.Build.0 = Debug|Any CPU
		{2764418F-C363-4E03-A2AD-C5032E198D59}.Release|Any CPU.ActiveCfg = Release|Any CPU
		{2764418F-C363-4E03-A2AD-C5032E198D59}.Release|Any CPU.Build.0 = Release|Any CPU
		{80E1E9DA-85C3-4C5C-8EF9-1655A5C36D5E}.Debug|Any CPU.ActiveCfg = Debug|Any CPU
		{80E1E9DA-85C3-4C5C-8EF9-1655A5C36D5E}.Debug|Any CPU.Build.0 = Debug|Any CPU
		{80E1E9DA-85C3-4C5C-8EF9-1655A5C36D5E}.Release|Any CPU.ActiveCfg = Release|Any CPU
		{80E1E9DA-85C3-4C5C-8EF9-1655A5C36D5E}.Release|Any CPU.Build.0 = Release|Any CPU
	EndGlobalSection
	GlobalSection(SolutionProperties) = preSolution
		HideSolutionNode = FALSE
	EndGlobalSection
	GlobalSection(ExtensibilityGlobals) = postSolution
		SolutionGuid = {4CA540AD-BC98-44A4-9107-C91B0DA69651}
	EndGlobalSection
EndGlobal
